
Microsoft Visual Studio Solution File, Format Version 12.00
# Visual Studio 15
Project("{FAE04EC0-301F-11D3-BF4B-00C04F79EFBC}") = "NGUI_CustomControl", "NGUI_CustomControl.csproj", "{3D76E474-C1DE-8185-C49F-82DB08D0D15C}"
EndProject
Project("{FAE04EC0-301F-11D3-BF4B-00C04F79EFBC}") = "NGUI_CustomControl.Editor", "NGUI_CustomControl.Editor.csproj", "{0FFA1C26-97B0-F268-E07C-749BD8A73659}"
EndProject
Global
	GlobalSection(SolutionConfigurationPlatforms) = preSolution
		Debug|Any CPU = Debug|Any CPU
		Release|Any CPU = Release|Any CPU
	EndGlobalSection
	GlobalSection(ProjectConfigurationPlatforms) = postSolution
		{3D76E474-C1DE-8185-C49F-82DB08D0D15C}.Debug|Any CPU.ActiveCfg = Debug|Any CPU
		{3D76E474-C1DE-8185-C49F-82DB08D0D15C}.Debug|Any CPU.Build.0 = Debug|Any CPU
		{3D76E474-C1DE-8185-C49F-82DB08D0D15C}.Release|Any CPU.ActiveCfg = Release|Any CPU
		{3D76E474-C1DE-8185-C49F-82DB08D0D15C}.Release|Any CPU.Build.0 = Release|Any CPU
		{0FFA1C26-97B0-F268-E07C-749BD8A73659}.Debug|Any CPU.ActiveCfg = Debug|Any CPU
		{0FFA1C26-97B0-F268-E07C-749BD8A73659}.Debug|Any CPU.Build.0 = Debug|Any CPU
		{0FFA1C26-97B0-F268-E07C-749BD8A73659}.Release|Any CPU.ActiveCfg = Release|Any CPU
		{0FFA1C26-97B0-F268-E07C-749BD8A73659}.Release|Any CPU.Build.0 = Release|Any CPU
	EndGlobalSection
	GlobalSection(SolutionProperties) = preSolution
		HideSolutionNode = FALSE
	EndGlobalSection
EndGlobal
